
Microsoft Visual Studio Solution File, Format Version 12.00
# Visual Studio Version 16
VisualStudioVersion = 16.0.30907.101
MinimumVisualStudioVersion = 10.0.40219.1
Project("{159641D6-6404-4A2A-AE62-294DE0FE8301}") = "DA", "DA.dtproj", "{30DE9494-16B8-44E8-BCC3-E2E7EC4EA51A}"
EndProject
Global
	GlobalSection(SolutionConfigurationPlatforms) = preSolution
		Development|Default = Development|Default
	EndGlobalSection
	GlobalSection(ProjectConfigurationPlatforms) = postSolution
		{30DE9494-16B8-44E8-BCC3-E2E7EC4EA51A}.Development|Default.ActiveCfg = Development
		{30DE9494-16B8-44E8-BCC3-E2E7EC4EA51A}.Development|Default.Build.0 = Development
	EndGlobalSection
	GlobalSection(SolutionProperties) = preSolution
		HideSolutionNode = FALSE
	EndGlobalSection
	GlobalSection(ExtensibilityGlobals) = postSolution
		SolutionGuid = {486024BF-15B2-4154-9DAA-B3F78C77021B}
	EndGlobalSection
EndGlobal
